
Microsoft Visual Studio Solution File, Format Version 12.00
# Visual Studio Version 16
VisualStudioVersion = 16.0.30804.86
MinimumVisualStudioVersion = 10.0.40219.1
Project("{2150E333-8FDC-42A3-9474-1A3956D46DE8}") = "src", "src", "{6DD1C647-6DB7-40D3-9517-A9B095DF6C1A}"
EndProject
Project("{FAE04EC0-301F-11D3-BF4B-00C04F79EFBC}") = "EShop.DataLayer", "EShop.DataLayer\EShop.DataLayer.csproj", "{11563FC3-233C-4DB0-A71D-370E98A43153}"
EndProject
Project("{FAE04EC0-301F-11D3-BF4B-00C04F79EFBC}") = "EShop.Entities", "EShop.Entities\EShop.Entities.csproj", "{1B902C7E-9848-4F53-8C0B-D0ACC4C942FD}"
EndProject
Project("{FAE04EC0-301F-11D3-BF4B-00C04F79EFBC}") = "EShop.Common", "EShop.Common\EShop.Common.csproj", "{2090B289-6750-42EF-8BA7-9730BA6FF800}"
EndProject
Project("{FAE04EC0-301F-11D3-BF4B-00C04F79EFBC}") = "EShop.Services", "EShop.Services\EShop.Services.csproj", "{796D4398-E380-4215-A0CB-67B329710E2D}"
EndProject
Project("{FAE04EC0-301F-11D3-BF4B-00C04F79EFBC}") = "EShop.IocConfig", "EShop.IocConfig\EShop.IocConfig.csproj", "{84776966-2C6C-4D68-B668-75F849BD9423}"
EndProject
Project("{FAE04EC0-301F-11D3-BF4B-00C04F79EFBC}") = "EShop.ViewModels", "EShop.ViewModels\EShop.ViewModels.csproj", "{CE916CA8-2D5B-4FAE-BD63-09E6B5BC0EFD}"
EndProject
Project("{FAE04EC0-301F-11D3-BF4B-00C04F79EFBC}") = "EShop.Web", "EShop.Web\EShop.Web.csproj", "{833286F0-91D9-4346-8710-BDA4362A69C1}"
EndProject
Global
	GlobalSection(SolutionConfigurationPlatforms) = preSolution
		Debug|Any CPU = Debug|Any CPU
		Release|Any CPU = Release|Any CPU
	EndGlobalSection
	GlobalSection(ProjectConfigurationPlatforms) = postSolution
		{11563FC3-233C-4DB0-A71D-370E98A43153}.Debug|Any CPU.ActiveCfg = Debug|Any CPU
		{11563FC3-233C-4DB0-A71D-370E98A43153}.Debug|Any CPU.Build.0 = Debug|Any CPU
		{11563FC3-233C-4DB0-A71D-370E98A43153}.Release|Any CPU.ActiveCfg = Release|Any CPU
		{11563FC3-233C-4DB0-A71D-370E98A43153}.Release|Any CPU.Build.0 = Release|Any CPU
		{1B902C7E-9848-4F53-8C0B-D0ACC4C942FD}.Debug|Any CPU.ActiveCfg = Debug|Any CPU
		{1B902C7E-9848-4F53-8C0B-D0ACC4C942FD}.Debug|Any CPU.Build.0 = Debug|Any CPU
		{1B902C7E-9848-4F53-8C0B-D0ACC4C942FD}.Release|Any CPU.ActiveCfg = Release|Any CPU
		{1B902C7E-9848-4F53-8C0B-D0ACC4C942FD}.Release|Any CPU.Build.0 = Release|Any CPU
		{2090B289-6750-42EF-8BA7-9730BA6FF800}.Debug|Any CPU.ActiveCfg = Debug|Any CPU
		{2090B289-6750-42EF-8BA7-9730BA6FF800}.Debug|Any CPU.Build.0 = Debug|Any CPU
		{2090B289-6750-42EF-8BA7-9730BA6FF800}.Release|Any CPU.ActiveCfg = Release|Any CPU
		{2090B289-6750-42EF-8BA7-9730BA6FF800}.Release|Any CPU.Build.0 = Release|Any CPU
		{796D4398-E380-4215-A0CB-67B329710E2D}.Debug|Any CPU.ActiveCfg = Debug|Any CPU
		{796D4398-E380-4215-A0CB-67B329710E2D}.Debug|Any CPU.Build.0 = Debug|Any CPU
		{796D4398-E380-4215-A0CB-67B329710E2D}.Release|Any CPU.ActiveCfg = Release|Any CPU
		{796D4398-E380-4215-A0CB-67B329710E2D}.Release|Any CPU.Build.0 = Release|Any CPU
		{84776966-2C6C-4D68-B668-75F849BD9423}.Debug|Any CPU.ActiveCfg = Debug|Any CPU
		{84776966-2C6C-4D68-B668-75F849BD9423}.Debug|Any CPU.Build.0 = Debug|Any CPU
		{84776966-2C6C-4D68-B668-75F849BD9423}.Release|Any CPU.ActiveCfg = Release|Any CPU
		{84776966-2C6C-4D68-B668-75F849BD9423}.Release|Any CPU.Build.0 = Release|Any CPU
		{CE916CA8-2D5B-4FAE-BD63-09E6B5BC0EFD}.Debug|Any CPU.ActiveCfg = Debug|Any CPU
		{CE916CA8-2D5B-4FAE-BD63-09E6B5BC0EFD}.Debug|Any CPU.Build.0 = Debug|Any CPU
		{CE916CA8-2D5B-4FAE-BD63-09E6B5BC0EFD}.Release|Any CPU.ActiveCfg = Release|Any CPU
		{CE916CA8-2D5B-4FAE-BD63-09E6B5BC0EFD}.Release|Any CPU.Build.0 = Release|Any CPU
		{833286F0-91D9-4346-8710-BDA4362A69C1}.Debug|Any CPU.ActiveCfg = Debug|Any CPU
		{833286F0-91D9-4346-8710-BDA4362A69C1}.Debug|Any CPU.Build.0 = Debug|Any CPU
		{833286F0-91D9-4346-8710-BDA4362A69C1}.Release|Any CPU.ActiveCfg = Release|Any CPU
		{833286F0-91D9-4346-8710-BDA4362A69C1}.Release|Any CPU.Build.0 = Release|Any CPU
	EndGlobalSection
	GlobalSection(SolutionProperties) = preSolution
		HideSolutionNode = FALSE
	EndGlobalSection
	GlobalSection(NestedProjects) = preSolution
		{11563FC3-233C-4DB0-A71D-370E98A43153} = {6DD1C647-6DB7-40D3-9517-A9B095DF6C1A}
		{1B902C7E-9848-4F53-8C0B-D0ACC4C942FD} = {6DD1C647-6DB7-40D3-9517-A9B095DF6C1A}
		{2090B289-6750-42EF-8BA7-9730BA6FF800} = {6DD1C647-6DB7-40D3-9517-A9B095DF6C1A}
		{796D4398-E380-4215-A0CB-67B329710E2D} = {6DD1C647-6DB7-40D3-9517-A9B095DF6C1A}
		{84776966-2C6C-4D68-B668-75F849BD9423} = {6DD1C647-6DB7-40D3-9517-A9B095DF6C1A}
		{CE916CA8-2D5B-4FAE-BD63-09E6B5BC0EFD} = {6DD1C647-6DB7-40D3-9517-A9B095DF6C1A}
		{833286F0-91D9-4346-8710-BDA4362A69C1} = {6DD1C647-6DB7-40D3-9517-A9B095DF6C1A}
	EndGlobalSection
	GlobalSection(ExtensibilityGlobals) = postSolution
		SolutionGuid = {9FF5613C-6309-4E1A-948A-BF730D077A15}
	EndGlobalSection
EndGlobal
